%{
  "bunt": {:hex, :bunt, "1.0.0", "081c2c665f086849e6d57900292b3a161727ab40431219529f13c4ddcf3e7a44", [:mix], [], "hexpm", "dc5f86aa08a5f6fa6b8096f0735c4e76d54ae5c9fa2c143e5a1fc7c1cd9bb6b5"},
  "castore": {:hex, :castore, "1.0.7", "b651241514e5f6956028147fe6637f7ac13802537e895a724f90bf3e36ddd1dd", [:mix], [], "hexpm", "da7785a4b0d2a021cd1292a60875a784b6caef71e76bf4917bdee1f390455cf5"},
  "cowboy": {:hex, :cowboy, "2.6.3", "99aa50e94e685557cad82e704457336a453d4abcb77839ad22dbe71f311fcc06", [:rebar3], [{:cowlib, "~> 2.7.3", [hex: :cowlib, repo: "hexpm", optional: false]}, {:ranch, "~> 1.7.1", [hex: :ranch, repo: "hexpm", optional: false]}], "hexpm", "e5580029080f3f1ad17436fb97b0d5ed2ed4e4815a96bac36b5a992e20f58db6"},
  "cowboy_telemetry": {:hex, :cowboy_telemetry, "0.4.0", "f239f68b588efa7707abce16a84d0d2acf3a0f50571f8bb7f56a15865aae820c", [:rebar3], [{:cowboy, "~> 2.7", [hex: :cowboy, repo: "hexpm", optional: false]}, {:telemetry, "~> 1.0", [hex: :telemetry, repo: "hexpm", optional: false]}], "hexpm", "7d98bac1ee4565d31b62d59f8823dfd8356a169e7fcbb83831b8a5397404c9de"},
  "cowlib": {:hex, :cowlib, "2.7.3", "a7ffcd0917e6d50b4d5fb28e9e2085a0ceb3c97dea310505f7460ff5ed764ce9", [:rebar3], [], "hexpm", "1e1a3d176d52daebbecbbcdfd27c27726076567905c2a9d7398c54da9d225761"},
  "credo": {:hex, :credo, "1.7.6", "b8f14011a5443f2839b04def0b252300842ce7388f3af177157c86da18dfbeea", [:mix], [{:bunt, "~> 0.2.1 or ~> 1.0", [hex: :bunt, repo: "hexpm", optional: false]}, {:file_system, "~> 0.2 or ~> 1.0", [hex: :file_system, repo: "hexpm", optional: false]}, {:jason, "~> 1.0", [hex: :jason, repo: "hexpm", optional: false]}], "hexpm", "146f347fb9f8cbc5f7e39e3f22f70acbef51d441baa6d10169dd604bfbc55296"},
  "dialyxir": {:hex, :dialyxir, "1.4.3", "edd0124f358f0b9e95bfe53a9fcf806d615d8f838e2202a9f430d59566b6b53b", [:mix], [{:erlex, ">= 0.2.6", [hex: :erlex, repo: "hexpm", optional: false]}], "hexpm", "bf2cfb75cd5c5006bec30141b131663299c661a864ec7fbbc72dfa557487a986"},
  "earmark_parser": {:hex, :earmark_parser, "1.4.39", "424642f8335b05bb9eb611aa1564c148a8ee35c9c8a8bba6e129d51a3e3c6769", [:mix], [], "hexpm", "06553a88d1f1846da9ef066b87b57c6f605552cfbe40d20bd8d59cc6bde41944"},
  "erlex": {:hex, :erlex, "0.2.6", "c7987d15e899c7a2f34f5420d2a2ea0d659682c06ac607572df55a43753aa12e", [:mix], [], "hexpm", "2ed2e25711feb44d52b17d2780eabf998452f6efda104877a3881c2f8c0c0c75"},
  "esbuild": {:hex, :esbuild, "0.8.1", "0cbf919f0eccb136d2eeef0df49c4acf55336de864e63594adcea3814f3edf41", [:mix], [{:castore, ">= 0.0.0", [hex: :castore, repo: "hexpm", optional: false]}, {:jason, "~> 1.4", [hex: :jason, repo: "hexpm", optional: false]}], "hexpm", "25fc876a67c13cb0a776e7b5d7974851556baeda2085296c14ab48555ea7560f"},
  "ex_doc": {:hex, :ex_doc, "0.32.2", "f60bbeb6ccbe75d005763e2a328e6f05e0624232f2393bc693611c2d3ae9fa0e", [:mix], [{:earmark_parser, "~> 1.4.39", [hex: :earmark_parser, repo: "hexpm", optional: false]}, {:makeup_c, ">= 0.1.0", [hex: :makeup_c, repo: "hexpm", optional: true]}, {:makeup_elixir, "~> 0.14 or ~> 1.0", [hex: :makeup_elixir, repo: "hexpm", optional: false]}, {:makeup_erlang, "~> 0.1 or ~> 1.0", [hex: :makeup_erlang, repo: "hexpm", optional: false]}, {:makeup_html, ">= 0.1.0", [hex: :makeup_html, repo: "hexpm", optional: true]}], "hexpm", "a4480305cdfe7fdfcbb77d1092c76161626d9a7aa4fb698aee745996e34602df"},
  "file_system": {:hex, :file_system, "1.0.0", "b689cc7dcee665f774de94b5a832e578bd7963c8e637ef940cd44327db7de2cd", [:mix], [], "hexpm", "6752092d66aec5a10e662aefeed8ddb9531d79db0bc145bb8c40325ca1d8536d"},
  "gun": {:hex, :gun, "1.3.3", "cf8b51beb36c22b9c8df1921e3f2bc4d2b1f68b49ad4fbc64e91875aa14e16b4", [:rebar3], [{:cowlib, "~> 2.7.0", [hex: :cowlib, repo: "hexpm", optional: false]}], "hexpm", "3106ce167f9c9723f849e4fb54ea4a4d814e3996ae243a1c828b256e749041e0"},
  "jason": {:hex, :jason, "1.4.1", "af1504e35f629ddcdd6addb3513c3853991f694921b1b9368b0bd32beb9f1b63", [:mix], [{:decimal, "~> 1.0 or ~> 2.0", [hex: :decimal, repo: "hexpm", optional: true]}], "hexpm", "fbb01ecdfd565b56261302f7e1fcc27c4fb8f32d56eab74db621fc154604a7a1"},
  "json_diff": {:hex, :json_diff, "0.1.3", "c80d5ca5416e785867e765e906e9a91b7efc35bfd505af276654d108f4995736", [:mix], [], "hexpm", "a5332e8293e7e9f384d34ea44645d7961334db73739165178fd4a7728d06f7d1"},
  "makeup": {:hex, :makeup, "1.1.2", "9ba8837913bdf757787e71c1581c21f9d2455f4dd04cfca785c70bbfff1a76a3", [:mix], [{:nimble_parsec, "~> 1.2.2 or ~> 1.3", [hex: :nimble_parsec, repo: "hexpm", optional: false]}], "hexpm", "cce1566b81fbcbd21eca8ffe808f33b221f9eee2cbc7a1706fc3da9ff18e6cac"},
  "makeup_elixir": {:hex, :makeup_elixir, "0.16.2", "627e84b8e8bf22e60a2579dad15067c755531fea049ae26ef1020cad58fe9578", [:mix], [{:makeup, "~> 1.0", [hex: :makeup, repo: "hexpm", optional: false]}, {:nimble_parsec, "~> 1.2.3 or ~> 1.3", [hex: :nimble_parsec, repo: "hexpm", optional: false]}], "hexpm", "41193978704763f6bbe6cc2758b84909e62984c7752b3784bd3c218bb341706b"},
  "makeup_erlang": {:hex, :makeup_erlang, "1.0.0", "6f0eff9c9c489f26b69b61440bf1b238d95badae49adac77973cbacae87e3c2e", [:mix], [{:makeup, "~> 1.0", [hex: :makeup, repo: "hexpm", optional: false]}], "hexpm", "ea7a9307de9d1548d2a72d299058d1fd2339e3d398560a0e46c27dab4891e4d2"},
  "mime": {:hex, :mime, "2.0.5", "dc34c8efd439abe6ae0343edbb8556f4d63f178594894720607772a041b04b02", [:mix], [], "hexpm", "da0d64a365c45bc9935cc5c8a7fc5e49a0e0f9932a761c55d6c52b142780a05c"},
  "mix_audit": {:hex, :mix_audit, "1.0.1", "9dd114408961b8db214f42fee40b2f632ecd7e4fd29500403068c82c77db8361", [:make, :mix], [{:jason, "~> 1.1", [hex: :jason, repo: "hexpm", optional: false]}, {:yaml_elixir, "~> 2.8.0", [hex: :yaml_elixir, repo: "hexpm", optional: false]}], "hexpm", "65066bb7757078aa49faaa2f7c1e2d52f56ff6fe6cff01723dbaf5be2a75771b"},
  "nimble_parsec": {:hex, :nimble_parsec, "1.4.0", "51f9b613ea62cfa97b25ccc2c1b4216e81df970acd8e16e8d1bdc58fef21370d", [:mix], [], "hexpm", "9c565862810fb383e9838c1dd2d7d2c437b3d13b267414ba6af33e50d2d1cf28"},
  "playwright_assets": {:hex, :playwright_assets, "1.44.0", "87276d2cf800c921fa475684699aa42df64d5df09fc3098ac81485be0feb8264", [:mix], [{:cowlib, "~> 2.7.3", [hex: :cowlib, repo: "hexpm", optional: false]}, {:plug, "~> 1.12", [hex: :plug, repo: "hexpm", optional: false]}, {:plug_cowboy, "~> 2.1.3", [hex: :plug_cowboy, repo: "hexpm", optional: false]}], "hexpm", "0e7788596f247db2c312992b70613a53a24b9f20d7dedeb76e37549f780066e8"},
  "plug": {:hex, :plug, "1.16.0", "1d07d50cb9bb05097fdf187b31cf087c7297aafc3fed8299aac79c128a707e47", [:mix], [{:mime, "~> 1.0 or ~> 2.0", [hex: :mime, repo: "hexpm", optional: false]}, {:plug_crypto, "~> 1.1.1 or ~> 1.2 or ~> 2.0", [hex: :plug_crypto, repo: "hexpm", optional: false]}, {:telemetry, "~> 0.4.3 or ~> 1.0", [hex: :telemetry, repo: "hexpm", optional: false]}], "hexpm", "cbf53aa1f5c4d758a7559c0bd6d59e286c2be0c6a1fac8cc3eee2f638243b93e"},
  "plug_cowboy": {:hex, :plug_cowboy, "2.1.3", "38999a3e85e39f0e6bdfdf820761abac61edde1632cfebbacc445cdcb6ae1333", [:mix], [{:cowboy, "~> 2.5", [hex: :cowboy, repo: "hexpm", optional: false]}, {:plug, "~> 1.7", [hex: :plug, repo: "hexpm", optional: false]}], "hexpm", "056f41f814dbb38ea44613e0f613b3b2b2f2c6afce64126e252837669eba84db"},
  "plug_crypto": {:hex, :plug_crypto, "2.1.0", "f44309c2b06d249c27c8d3f65cfe08158ade08418cf540fd4f72d4d6863abb7b", [:mix], [], "hexpm", "131216a4b030b8f8ce0f26038bc4421ae60e4bb95c5cf5395e1421437824c4fa"},
  "ranch": {:hex, :ranch, "1.7.1", "6b1fab51b49196860b733a49c07604465a47bdb78aa10c1c16a3d199f7f8c881", [:rebar3], [], "hexpm", "451d8527787df716d99dc36162fca05934915db0b6141bbdac2ea8d3c7afc7d7"},
  "recase": {:hex, :recase, "0.7.0", "3f2f719f0886c7a3b7fe469058ec539cb7bbe0023604ae3bce920e186305e5ae", [:mix], [], "hexpm", "36f5756a9f552f4a94b54a695870e32f4e72d5fad9c25e61bc4a3151c08a4e0c"},
  "telemetry": {:hex, :telemetry, "1.2.1", "68fdfe8d8f05a8428483a97d7aab2f268aaff24b49e0f599faa091f1d4e7f61c", [:rebar3], [], "hexpm", "dad9ce9d8effc621708f99eac538ef1cbe05d6a874dd741de2e689c47feafed5"},
  "uuid": {:hex, :uuid, "1.1.8", "e22fc04499de0de3ed1116b770c7737779f226ceefa0badb3592e64d5cfb4eb9", [:mix], [], "hexpm", "c790593b4c3b601f5dc2378baae7efaf5b3d73c4c6456ba85759905be792f2ac"},
  "yamerl": {:hex, :yamerl, "0.10.0", "4ff81fee2f1f6a46f1700c0d880b24d193ddb74bd14ef42cb0bcf46e81ef2f8e", [:rebar3], [], "hexpm", "346adb2963f1051dc837a2364e4acf6eb7d80097c0f53cbdc3046ec8ec4b4e6e"},
  "yaml_elixir": {:hex, :yaml_elixir, "2.8.0", "c7ff0034daf57279c2ce902788ce6fdb2445532eb4317e8df4b044209fae6832", [:mix], [{:yamerl, "~> 0.8", [hex: :yamerl, repo: "hexpm", optional: false]}], "hexpm", "4b674bd881e373d1ac6a790c64b2ecb69d1fd612c2af3b22de1619c15473830b"},
}
