%{
  "bunt": {:hex, :bunt, "0.2.0", "951c6e801e8b1d2cbe58ebbd3e616a869061ddadcc4863d0a2182541acae9a38", [:mix], [], "hexpm", "7af5c7e09fe1d40f76c8e4f9dd2be7cebd83909f31fee7cd0e9eadc567da8353"},
  "castore": {:hex, :castore, "0.1.13", "ccf3ab251ffaebc4319f41d788ce59a6ab3f42b6c27e598ad838ffecee0b04f9", [:mix], [], "hexpm", "a14a7eecfec7e20385493dbb92b0d12c5d77ecfd6307de10102d58c94e8c49c0"},
  "cowboy": {:hex, :cowboy, "2.6.3", "99aa50e94e685557cad82e704457336a453d4abcb77839ad22dbe71f311fcc06", [:rebar3], [{:cowlib, "~> 2.7.3", [hex: :cowlib, repo: "hexpm", optional: false]}, {:ranch, "~> 1.7.1", [hex: :ranch, repo: "hexpm", optional: false]}], "hexpm", "e5580029080f3f1ad17436fb97b0d5ed2ed4e4815a96bac36b5a992e20f58db6"},
  "cowboy_telemetry": {:hex, :cowboy_telemetry, "0.4.0", "f239f68b588efa7707abce16a84d0d2acf3a0f50571f8bb7f56a15865aae820c", [:rebar3], [{:cowboy, "~> 2.7", [hex: :cowboy, repo: "hexpm", optional: false]}, {:telemetry, "~> 1.0", [hex: :telemetry, repo: "hexpm", optional: false]}], "hexpm", "7d98bac1ee4565d31b62d59f8823dfd8356a169e7fcbb83831b8a5397404c9de"},
  "cowlib": {:hex, :cowlib, "2.7.3", "a7ffcd0917e6d50b4d5fb28e9e2085a0ceb3c97dea310505f7460ff5ed764ce9", [:rebar3], [], "hexpm", "1e1a3d176d52daebbecbbcdfd27c27726076567905c2a9d7398c54da9d225761"},
  "credo": {:hex, :credo, "1.6.1", "7dc76dcdb764a4316c1596804c48eada9fff44bd4b733a91ccbf0c0f368be61e", [:mix], [{:bunt, "~> 0.2.0", [hex: :bunt, repo: "hexpm", optional: false]}, {:file_system, "~> 0.2.8", [hex: :file_system, repo: "hexpm", optional: false]}, {:jason, "~> 1.0", [hex: :jason, repo: "hexpm", optional: false]}], "hexpm", "698607fb5993720c7e93d2d8e76f2175bba024de964e160e2f7151ef3ab82ac5"},
  "dialyxir": {:hex, :dialyxir, "1.1.0", "c5aab0d6e71e5522e77beff7ba9e08f8e02bad90dfbeffae60eaf0cb47e29488", [:mix], [{:erlex, ">= 0.2.6", [hex: :erlex, repo: "hexpm", optional: false]}], "hexpm", "07ea8e49c45f15264ebe6d5b93799d4dd56a44036cf42d0ad9c960bc266c0b9a"},
  "earmark_parser": {:hex, :earmark_parser, "1.4.39", "424642f8335b05bb9eb611aa1564c148a8ee35c9c8a8bba6e129d51a3e3c6769", [:mix], [], "hexpm", "06553a88d1f1846da9ef066b87b57c6f605552cfbe40d20bd8d59cc6bde41944"},
  "erlex": {:hex, :erlex, "0.2.6", "c7987d15e899c7a2f34f5420d2a2ea0d659682c06ac607572df55a43753aa12e", [:mix], [], "hexpm", "2ed2e25711feb44d52b17d2780eabf998452f6efda104877a3881c2f8c0c0c75"},
  "esbuild": {:hex, :esbuild, "0.4.0", "9f17db148aead4cf1e6e6a584214357287a93407b5fb51a031f122b61385d4c2", [:mix], [{:castore, ">= 0.0.0", [hex: :castore, repo: "hexpm", optional: false]}], "hexpm", "b61e4e6b92ffe45e4ee4755a22de6211a67c67987dc02afb35a425a0add1d447"},
  "ex_doc": {:hex, :ex_doc, "0.33.0", "690562b153153c7e4d455dc21dab86e445f66ceba718defe64b0ef6f0bd83ba0", [:mix], [{:earmark_parser, "~> 1.4.39", [hex: :earmark_parser, repo: "hexpm", optional: false]}, {:makeup_c, ">= 0.1.0", [hex: :makeup_c, repo: "hexpm", optional: true]}, {:makeup_elixir, "~> 0.14 or ~> 1.0", [hex: :makeup_elixir, repo: "hexpm", optional: false]}, {:makeup_erlang, "~> 0.1 or ~> 1.0", [hex: :makeup_erlang, repo: "hexpm", optional: false]}, {:makeup_html, ">= 0.1.0", [hex: :makeup_html, repo: "hexpm", optional: true]}], "hexpm", "3f69adc28274cb51be37d09b03e4565232862a4b10288a3894587b0131412124"},
  "file_system": {:hex, :file_system, "0.2.10", "fb082005a9cd1711c05b5248710f8826b02d7d1784e7c3451f9c1231d4fc162d", [:mix], [], "hexpm", "41195edbfb562a593726eda3b3e8b103a309b733ad25f3d642ba49696bf715dc"},
  "gun": {:hex, :gun, "1.3.3", "cf8b51beb36c22b9c8df1921e3f2bc4d2b1f68b49ad4fbc64e91875aa14e16b4", [:rebar3], [{:cowlib, "~> 2.7.0", [hex: :cowlib, repo: "hexpm", optional: false]}], "hexpm", "3106ce167f9c9723f849e4fb54ea4a4d814e3996ae243a1c828b256e749041e0"},
  "jason": {:hex, :jason, "1.3.0", "fa6b82a934feb176263ad2df0dbd91bf633d4a46ebfdffea0c8ae82953714946", [:mix], [{:decimal, "~> 1.0 or ~> 2.0", [hex: :decimal, repo: "hexpm", optional: true]}], "hexpm", "53fc1f51255390e0ec7e50f9cb41e751c260d065dcba2bf0d08dc51a4002c2ac"},
  "json_diff": {:hex, :json_diff, "0.1.3", "c80d5ca5416e785867e765e906e9a91b7efc35bfd505af276654d108f4995736", [:mix], [], "hexpm", "a5332e8293e7e9f384d34ea44645d7961334db73739165178fd4a7728d06f7d1"},
  "makeup": {:hex, :makeup, "1.1.2", "9ba8837913bdf757787e71c1581c21f9d2455f4dd04cfca785c70bbfff1a76a3", [:mix], [{:nimble_parsec, "~> 1.2.2 or ~> 1.3", [hex: :nimble_parsec, repo: "hexpm", optional: false]}], "hexpm", "cce1566b81fbcbd21eca8ffe808f33b221f9eee2cbc7a1706fc3da9ff18e6cac"},
  "makeup_elixir": {:hex, :makeup_elixir, "0.16.2", "627e84b8e8bf22e60a2579dad15067c755531fea049ae26ef1020cad58fe9578", [:mix], [{:makeup, "~> 1.0", [hex: :makeup, repo: "hexpm", optional: false]}, {:nimble_parsec, "~> 1.2.3 or ~> 1.3", [hex: :nimble_parsec, repo: "hexpm", optional: false]}], "hexpm", "41193978704763f6bbe6cc2758b84909e62984c7752b3784bd3c218bb341706b"},
  "makeup_erlang": {:hex, :makeup_erlang, "1.0.0", "6f0eff9c9c489f26b69b61440bf1b238d95badae49adac77973cbacae87e3c2e", [:mix], [{:makeup, "~> 1.0", [hex: :makeup, repo: "hexpm", optional: false]}], "hexpm", "ea7a9307de9d1548d2a72d299058d1fd2339e3d398560a0e46c27dab4891e4d2"},
  "mime": {:hex, :mime, "2.0.3", "3676436d3d1f7b81b5a2d2bd8405f412c677558c81b1c92be58c00562bb59095", [:mix], [], "hexpm", "27a30bf0db44d25eecba73755acf4068cbfe26a4372f9eb3e4ea3a45956bff6b"},
  "mix_audit": {:hex, :mix_audit, "1.0.0", "d2b5adbd69f34ba6b5b7d52812b1ba06f9110367e196d3ba5dba7753124cf8be", [:make, :mix], [{:jason, "~> 1.1", [hex: :jason, repo: "hexpm", optional: false]}, {:yaml_elixir, "~> 2.8.0", [hex: :yaml_elixir, repo: "hexpm", optional: false]}], "hexpm", "1b1ff6694e6eb12818ce5dcc276a39bbe03e27fcd11376c381bfe6b4900f2aa8"},
  "nimble_parsec": {:hex, :nimble_parsec, "1.3.1", "2c54013ecf170e249e9291ed0a62e5832f70a476c61da16f6aac6dca0189f2af", [:mix], [], "hexpm", "2682e3c0b2eb58d90c6375fc0cc30bc7be06f365bf72608804fb9cffa5e1b167"},
  "playwright_assets": {:hex, :playwright_assets, "1.32.0", "ee3ac2265571f989528873d354164bd3393a74bc3f885a88cfadf351069912dc", [:mix], [{:cowlib, "~> 2.7.3", [hex: :cowlib, repo: "hexpm", optional: false]}, {:plug, "~> 1.12", [hex: :plug, repo: "hexpm", optional: false]}, {:plug_cowboy, "~> 2.1.3", [hex: :plug_cowboy, repo: "hexpm", optional: false]}], "hexpm", "f3b27997c5b8fc361e2e5e653019853a5ef5a15208c6e3b92a560df5f346a37b"},
  "plug": {:hex, :plug, "1.14.2", "cff7d4ec45b4ae176a227acd94a7ab536d9b37b942c8e8fa6dfc0fff98ff4d80", [:mix], [{:mime, "~> 1.0 or ~> 2.0", [hex: :mime, repo: "hexpm", optional: false]}, {:plug_crypto, "~> 1.1.1 or ~> 1.2", [hex: :plug_crypto, repo: "hexpm", optional: false]}, {:telemetry, "~> 0.4.3 or ~> 1.0", [hex: :telemetry, repo: "hexpm", optional: false]}], "hexpm", "842fc50187e13cf4ac3b253d47d9474ed6c296a8732752835ce4a86acdf68d13"},
  "plug_cowboy": {:hex, :plug_cowboy, "2.1.3", "38999a3e85e39f0e6bdfdf820761abac61edde1632cfebbacc445cdcb6ae1333", [:mix], [{:cowboy, "~> 2.5", [hex: :cowboy, repo: "hexpm", optional: false]}, {:plug, "~> 1.7", [hex: :plug, repo: "hexpm", optional: false]}], "hexpm", "056f41f814dbb38ea44613e0f613b3b2b2f2c6afce64126e252837669eba84db"},
  "plug_crypto": {:hex, :plug_crypto, "1.2.5", "918772575e48e81e455818229bf719d4ab4181fcbf7f85b68a35620f78d89ced", [:mix], [], "hexpm", "26549a1d6345e2172eb1c233866756ae44a9609bd33ee6f99147ab3fd87fd842"},
  "ranch": {:hex, :ranch, "1.7.1", "6b1fab51b49196860b733a49c07604465a47bdb78aa10c1c16a3d199f7f8c881", [:rebar3], [], "hexpm", "451d8527787df716d99dc36162fca05934915db0b6141bbdac2ea8d3c7afc7d7"},
  "recase": {:hex, :recase, "0.7.0", "3f2f719f0886c7a3b7fe469058ec539cb7bbe0023604ae3bce920e186305e5ae", [:mix], [], "hexpm", "36f5756a9f552f4a94b54a695870e32f4e72d5fad9c25e61bc4a3151c08a4e0c"},
  "telemetry": {:hex, :telemetry, "1.2.1", "68fdfe8d8f05a8428483a97d7aab2f268aaff24b49e0f599faa091f1d4e7f61c", [:rebar3], [], "hexpm", "dad9ce9d8effc621708f99eac538ef1cbe05d6a874dd741de2e689c47feafed5"},
  "uuid": {:hex, :uuid, "1.1.8", "e22fc04499de0de3ed1116b770c7737779f226ceefa0badb3592e64d5cfb4eb9", [:mix], [], "hexpm", "c790593b4c3b601f5dc2378baae7efaf5b3d73c4c6456ba85759905be792f2ac"},
  "yamerl": {:hex, :yamerl, "0.8.1", "07da13ffa1d8e13948943789665c62ccd679dfa7b324a4a2ed3149df17f453a4", [:rebar3], [], "hexpm", "96cb30f9d64344fed0ef8a92e9f16f207de6c04dfff4f366752ca79f5bceb23f"},
  "yaml_elixir": {:hex, :yaml_elixir, "2.8.0", "c7ff0034daf57279c2ce902788ce6fdb2445532eb4317e8df4b044209fae6832", [:mix], [{:yamerl, "~> 0.8", [hex: :yamerl, repo: "hexpm", optional: false]}], "hexpm", "4b674bd881e373d1ac6a790c64b2ecb69d1fd612c2af3b22de1619c15473830b"},
}
