{
  "name": "assets",
  "lockfileVersion": 2,
  "requires": true,
  "packages": {
    "": {
      "dependencies": {
        "playwright": "^1.12.2"
      }
    },
    "../../playwright-test-example": {
      "version": "1.0.0",
      "extraneous": true,
      "license": "ISC",
      "devDependencies": {
        "@playwright/test": "^0.1110.0"
      }
    },
    "node_modules/@types/node": {
      "version": "15.0.3",
      "license": "MIT",
      "optional": true
    },
    "node_modules/@types/yauzl": {
      "version": "2.9.1",
      "license": "MIT",
      "optional": true,
      "dependencies": {
        "@types/node": "*"
      }
    },
    "node_modules/agent-base": {
      "version": "6.0.2",
      "license": "MIT",
      "dependencies": {
        "debug": "4"
      },
      "engines": {
        "node": ">= 6.0.0"
      }
    },
    "node_modules/balanced-match": {
      "version": "1.0.2",
      "license": "MIT"
    },
    "node_modules/brace-expansion": {
      "version": "1.1.11",
      "license": "MIT",
      "dependencies": {
        "balanced-match": "^1.0.0",
        "concat-map": "0.0.1"
      }
    },
    "node_modules/buffer-crc32": {
      "version": "0.2.13",
      "license": "MIT",
      "engines": {
        "node": "*"
      }
    },
    "node_modules/commander": {
      "version": "6.2.1",
      "license": "MIT",
      "engines": {
        "node": ">= 6"
      }
    },
    "node_modules/concat-map": {
      "version": "0.0.1",
      "license": "MIT"
    },
    "node_modules/debug": {
      "version": "4.3.1",
      "license": "MIT",
      "dependencies": {
        "ms": "2.1.2"
      },
      "engines": {
        "node": ">=6.0"
      },
      "peerDependenciesMeta": {
        "supports-color": {
          "optional": true
        }
      }
    },
    "node_modules/end-of-stream": {
      "version": "1.4.4",
      "license": "MIT",
      "dependencies": {
        "once": "^1.4.0"
      }
    },
    "node_modules/escape-string-regexp": {
      "version": "2.0.0",
      "license": "MIT",
      "engines": {
        "node": ">=8"
      }
    },
    "node_modules/extract-zip": {
      "version": "2.0.1",
      "license": "BSD-2-Clause",
      "dependencies": {
        "debug": "^4.1.1",
        "get-stream": "^5.1.0",
        "yauzl": "^2.10.0"
      },
      "bin": {
        "extract-zip": "cli.js"
      },
      "engines": {
        "node": ">= 10.17.0"
      },
      "optionalDependencies": {
        "@types/yauzl": "^2.9.1"
      }
    },
    "node_modules/fd-slicer": {
      "version": "1.1.0",
      "license": "MIT",
      "dependencies": {
        "pend": "~1.2.0"
      }
    },
    "node_modules/fs.realpath": {
      "version": "1.0.0",
      "license": "ISC"
    },
    "node_modules/get-stream": {
      "version": "5.2.0",
      "license": "MIT",
      "dependencies": {
        "pump": "^3.0.0"
      },
      "engines": {
        "node": ">=8"
      },
      "funding": {
        "url": "https://github.com/sponsors/sindresorhus"
      }
    },
    "node_modules/glob": {
      "version": "7.1.7",
      "license": "ISC",
      "dependencies": {
        "fs.realpath": "^1.0.0",
        "inflight": "^1.0.4",
        "inherits": "2",
        "minimatch": "^3.0.4",
        "once": "^1.3.0",
        "path-is-absolute": "^1.0.0"
      },
      "engines": {
        "node": "*"
      },
      "funding": {
        "url": "https://github.com/sponsors/isaacs"
      }
    },
    "node_modules/graceful-fs": {
      "version": "4.2.6",
      "license": "ISC"
    },
    "node_modules/https-proxy-agent": {
      "version": "5.0.0",
      "license": "MIT",
      "dependencies": {
        "agent-base": "6",
        "debug": "4"
      },
      "engines": {
        "node": ">= 6"
      }
    },
    "node_modules/inflight": {
      "version": "1.0.6",
      "license": "ISC",
      "dependencies": {
        "once": "^1.3.0",
        "wrappy": "1"
      }
    },
    "node_modules/inherits": {
      "version": "2.0.4",
      "license": "ISC"
    },
    "node_modules/jpeg-js": {
      "version": "0.4.3",
      "license": "BSD-3-Clause"
    },
    "node_modules/mime": {
      "version": "2.5.2",
      "license": "MIT",
      "bin": {
        "mime": "cli.js"
      },
      "engines": {
        "node": ">=4.0.0"
      }
    },
    "node_modules/minimatch": {
      "version": "3.0.4",
      "license": "ISC",
      "dependencies": {
        "brace-expansion": "^1.1.7"
      },
      "engines": {
        "node": "*"
      }
    },
    "node_modules/ms": {
      "version": "2.1.2",
      "license": "MIT"
    },
    "node_modules/once": {
      "version": "1.4.0",
      "license": "ISC",
      "dependencies": {
        "wrappy": "1"
      }
    },
    "node_modules/path-is-absolute": {
      "version": "1.0.1",
      "license": "MIT",
      "engines": {
        "node": ">=0.10.0"
      }
    },
    "node_modules/pend": {
      "version": "1.2.0",
      "license": "MIT"
    },
    "node_modules/playwright": {
      "version": "1.12.2",
      "resolved": "https://registry.npmjs.org/playwright/-/playwright-1.12.2.tgz",
      "integrity": "sha512-tSZGeILY70T4imhCMCsvzhoaDm9baosIG5fQncSWprpjVc/X4yYdBQCLBMvOi98H50hvu9fhgy2hpsgFKCsUaw==",
      "hasInstallScript": true,
      "dependencies": {
        "commander": "^6.1.0",
        "debug": "^4.1.1",
        "extract-zip": "^2.0.1",
        "https-proxy-agent": "^5.0.0",
        "jpeg-js": "^0.4.2",
        "mime": "^2.4.6",
        "pngjs": "^5.0.0",
        "progress": "^2.0.3",
        "proper-lockfile": "^4.1.1",
        "proxy-from-env": "^1.1.0",
        "rimraf": "^3.0.2",
        "stack-utils": "^2.0.3",
        "ws": "^7.4.6",
        "yazl": "^2.5.1"
      },
      "bin": {
        "playwright": "lib/cli/cli.js"
      },
      "engines": {
        "node": ">=12"
      }
    },
    "node_modules/pngjs": {
      "version": "5.0.0",
      "license": "MIT",
      "engines": {
        "node": ">=10.13.0"
      }
    },
    "node_modules/progress": {
      "version": "2.0.3",
      "license": "MIT",
      "engines": {
        "node": ">=0.4.0"
      }
    },
    "node_modules/proper-lockfile": {
      "version": "4.1.2",
      "license": "MIT",
      "dependencies": {
        "graceful-fs": "^4.2.4",
        "retry": "^0.12.0",
        "signal-exit": "^3.0.2"
      }
    },
    "node_modules/proxy-from-env": {
      "version": "1.1.0",
      "license": "MIT"
    },
    "node_modules/pump": {
      "version": "3.0.0",
      "license": "MIT",
      "dependencies": {
        "end-of-stream": "^1.1.0",
        "once": "^1.3.1"
      }
    },
    "node_modules/retry": {
      "version": "0.12.0",
      "license": "MIT",
      "engines": {
        "node": ">= 4"
      }
    },
    "node_modules/rimraf": {
      "version": "3.0.2",
      "license": "ISC",
      "dependencies": {
        "glob": "^7.1.3"
      },
      "bin": {
        "rimraf": "bin.js"
      },
      "funding": {
        "url": "https://github.com/sponsors/isaacs"
      }
    },
    "node_modules/signal-exit": {
      "version": "3.0.3",
      "license": "ISC"
    },
    "node_modules/stack-utils": {
      "version": "2.0.3",
      "license": "MIT",
      "dependencies": {
        "escape-string-regexp": "^2.0.0"
      },
      "engines": {
        "node": ">=10"
      }
    },
    "node_modules/wrappy": {
      "version": "1.0.2",
      "license": "ISC"
    },
    "node_modules/ws": {
      "version": "7.5.0",
      "resolved": "https://registry.npmjs.org/ws/-/ws-7.5.0.tgz",
      "integrity": "sha512-6ezXvzOZupqKj4jUqbQ9tXuJNo+BR2gU8fFRk3XCP3e0G6WT414u5ELe6Y0vtp7kmSJ3F7YWObSNr1ESsgi4vw==",
      "engines": {
        "node": ">=8.3.0"
      },
      "peerDependencies": {
        "bufferutil": "^4.0.1",
        "utf-8-validate": "^5.0.2"
      },
      "peerDependenciesMeta": {
        "bufferutil": {
          "optional": true
        },
        "utf-8-validate": {
          "optional": true
        }
      }
    },
    "node_modules/yauzl": {
      "version": "2.10.0",
      "license": "MIT",
      "dependencies": {
        "buffer-crc32": "~0.2.3",
        "fd-slicer": "~1.1.0"
      }
    },
    "node_modules/yazl": {
      "version": "2.5.1",
      "license": "MIT",
      "dependencies": {
        "buffer-crc32": "~0.2.3"
      }
    }
  },
  "dependencies": {
    "@types/node": {
      "version": "15.0.3",
      "optional": true
    },
    "@types/yauzl": {
      "version": "2.9.1",
      "optional": true,
      "requires": {
        "@types/node": "*"
      }
    },
    "agent-base": {
      "version": "6.0.2",
      "requires": {
        "debug": "4"
      }
    },
    "balanced-match": {
      "version": "1.0.2"
    },
    "brace-expansion": {
      "version": "1.1.11",
      "requires": {
        "balanced-match": "^1.0.0",
        "concat-map": "0.0.1"
      }
    },
    "buffer-crc32": {
      "version": "0.2.13"
    },
    "commander": {
      "version": "6.2.1"
    },
    "concat-map": {
      "version": "0.0.1"
    },
    "debug": {
      "version": "4.3.1",
      "requires": {
        "ms": "2.1.2"
      }
    },
    "end-of-stream": {
      "version": "1.4.4",
      "requires": {
        "once": "^1.4.0"
      }
    },
    "escape-string-regexp": {
      "version": "2.0.0"
    },
    "extract-zip": {
      "version": "2.0.1",
      "requires": {
        "@types/yauzl": "^2.9.1",
        "debug": "^4.1.1",
        "get-stream": "^5.1.0",
        "yauzl": "^2.10.0"
      }
    },
    "fd-slicer": {
      "version": "1.1.0",
      "requires": {
        "pend": "~1.2.0"
      }
    },
    "fs.realpath": {
      "version": "1.0.0"
    },
    "get-stream": {
      "version": "5.2.0",
      "requires": {
        "pump": "^3.0.0"
      }
    },
    "glob": {
      "version": "7.1.7",
      "requires": {
        "fs.realpath": "^1.0.0",
        "inflight": "^1.0.4",
        "inherits": "2",
        "minimatch": "^3.0.4",
        "once": "^1.3.0",
        "path-is-absolute": "^1.0.0"
      }
    },
    "graceful-fs": {
      "version": "4.2.6"
    },
    "https-proxy-agent": {
      "version": "5.0.0",
      "requires": {
        "agent-base": "6",
        "debug": "4"
      }
    },
    "inflight": {
      "version": "1.0.6",
      "requires": {
        "once": "^1.3.0",
        "wrappy": "1"
      }
    },
    "inherits": {
      "version": "2.0.4"
    },
    "jpeg-js": {
      "version": "0.4.3"
    },
    "mime": {
      "version": "2.5.2"
    },
    "minimatch": {
      "version": "3.0.4",
      "requires": {
        "brace-expansion": "^1.1.7"
      }
    },
    "ms": {
      "version": "2.1.2"
    },
    "once": {
      "version": "1.4.0",
      "requires": {
        "wrappy": "1"
      }
    },
    "path-is-absolute": {
      "version": "1.0.1"
    },
    "pend": {
      "version": "1.2.0"
    },
    "playwright": {
      "version": "1.12.2",
      "resolved": "https://registry.npmjs.org/playwright/-/playwright-1.12.2.tgz",
      "integrity": "sha512-tSZGeILY70T4imhCMCsvzhoaDm9baosIG5fQncSWprpjVc/X4yYdBQCLBMvOi98H50hvu9fhgy2hpsgFKCsUaw==",
      "requires": {
        "commander": "^6.1.0",
        "debug": "^4.1.1",
        "extract-zip": "^2.0.1",
        "https-proxy-agent": "^5.0.0",
        "jpeg-js": "^0.4.2",
        "mime": "^2.4.6",
        "pngjs": "^5.0.0",
        "progress": "^2.0.3",
        "proper-lockfile": "^4.1.1",
        "proxy-from-env": "^1.1.0",
        "rimraf": "^3.0.2",
        "stack-utils": "^2.0.3",
        "ws": "^7.4.6",
        "yazl": "^2.5.1"
      }
    },
    "pngjs": {
      "version": "5.0.0"
    },
    "progress": {
      "version": "2.0.3"
    },
    "proper-lockfile": {
      "version": "4.1.2",
      "requires": {
        "graceful-fs": "^4.2.4",
        "retry": "^0.12.0",
        "signal-exit": "^3.0.2"
      }
    },
    "proxy-from-env": {
      "version": "1.1.0"
    },
    "pump": {
      "version": "3.0.0",
      "requires": {
        "end-of-stream": "^1.1.0",
        "once": "^1.3.1"
      }
    },
    "retry": {
      "version": "0.12.0"
    },
    "rimraf": {
      "version": "3.0.2",
      "requires": {
        "glob": "^7.1.3"
      }
    },
    "signal-exit": {
      "version": "3.0.3"
    },
    "stack-utils": {
      "version": "2.0.3",
      "requires": {
        "escape-string-regexp": "^2.0.0"
      }
    },
    "wrappy": {
      "version": "1.0.2"
    },
    "ws": {
      "version": "7.5.0",
      "resolved": "https://registry.npmjs.org/ws/-/ws-7.5.0.tgz",
      "integrity": "sha512-6ezXvzOZupqKj4jUqbQ9tXuJNo+BR2gU8fFRk3XCP3e0G6WT414u5ELe6Y0vtp7kmSJ3F7YWObSNr1ESsgi4vw==",
      "requires": {}
    },
    "yauzl": {
      "version": "2.10.0",
      "requires": {
        "buffer-crc32": "~0.2.3",
        "fd-slicer": "~1.1.0"
      }
    },
    "yazl": {
      "version": "2.5.1",
      "requires": {
        "buffer-crc32": "~0.2.3"
      }
    }
  }
}
